{
  "name": "src",
  "lockfileVersion": 3,
  "requires": true,
  "packages": {
    "": {
      "dependencies": {
        "tiktok-signature": "^1.8.0"
      }
    },
    "node_modules/playwright-chromium": {
      "version": "1.40.1",
      "resolved": "https://registry.npmjs.org/playwright-chromium/-/playwright-chromium-1.40.1.tgz",
      "integrity": "sha512-3atylP47OCTBW0siGI7LOEG/XKL/vnrFH8xdr4uaTnqMsc0Xq4gOLk2gGwniPJ76LSc++9ASc0w/nfqtLAmm3A==",
      "hasInstallScript": true,
      "dependencies": {
        "playwright-core": "1.40.1"
      },
      "bin": {
        "playwright": "cli.js"
      },
      "engines": {
        "node": ">=16"
      }
    },
    "node_modules/playwright-core": {
      "version": "1.40.1",
      "resolved": "https://registry.npmjs.org/playwright-core/-/playwright-core-1.40.1.tgz",
      "integrity": "sha512-+hkOycxPiV534c4HhpfX6yrlawqVUzITRKwHAmYfmsVreltEl6fAZJ3DPfLMOODw0H3s1Itd6MDCWmP1fl/QvQ==",
      "bin": {
        "playwright-core": "cli.js"
      },
      "engines": {
        "node": ">=16"
      }
    },
    "node_modules/tiktok-signature": {
      "version": "1.8.0",
      "resolved": "https://registry.npmjs.org/tiktok-signature/-/tiktok-signature-1.8.0.tgz",
      "integrity": "sha512-4a85xk517tX/zmfIX6Z1qzIouIWkAco2gcgaeTLsS9gkH4ABbaIiXK3z0y36lZxMST+lOkr4oTbK0bhuRXB8ag==",
      "dependencies": {
        "playwright-chromium": "^1.10.0"
      }
    }
  }
}
